
Microsoft Visual Studio Solution File, Format Version 12.00
# Visual Studio Version 17
VisualStudioVersion = 17.5.2.0
MinimumVisualStudioVersion = 10.0.40219.1
Project("{FAE04EC0-301F-11D3-BF4B-00C04F79EFBC}") = "Service", "Service\Service.csproj", "{E1C417FB-4B0B-D78C-DB17-344AE31A9259}"
EndProject
Project("{FAE04EC0-301F-11D3-BF4B-00C04F79EFBC}") = "wpf", "wpf\wpf.csproj", "{54E83BB3-92AF-40EF-9A8A-FB9BABE1A32C}"
EndProject
Project("{2150E333-8FDC-42A3-9474-1A3956D46DE8}") = "Solution Files", "Solution Files", "{02EA681E-C7D8-13C7-8484-4AC65E1B71E8}"
	ProjectSection(SolutionItems) = preProject
		Directory.Build.props = Directory.Build.props
		Directory.Packages.props = Directory.Packages.props
	EndProjectSection
EndProject
Project("{FAE04EC0-301F-11D3-BF4B-00C04F79EFBC}") = "AvaloniaApplication", "AvaloniaApplication\AvaloniaApplication.csproj", "{1FB3915B-C434-47E0-9A50-236E9408934A}"
EndProject
Project("{FAE04EC0-301F-11D3-BF4B-00C04F79EFBC}") = "MauiProgram", "MauiProgram\MauiProgram.csproj", "{EFB5E763-4021-4CCA-A984-7ABFA8115912}"
EndProject
Global
	GlobalSection(SolutionConfigurationPlatforms) = preSolution
		Debug|Any CPU = Debug|Any CPU
		Release|Any CPU = Release|Any CPU
	EndGlobalSection
	GlobalSection(ProjectConfigurationPlatforms) = postSolution
		{E1C417FB-4B0B-D78C-DB17-344AE31A9259}.Debug|Any CPU.ActiveCfg = Debug|Any CPU
		{E1C417FB-4B0B-D78C-DB17-344AE31A9259}.Debug|Any CPU.Build.0 = Debug|Any CPU
		{E1C417FB-4B0B-D78C-DB17-344AE31A9259}.Release|Any CPU.ActiveCfg = Release|Any CPU
		{E1C417FB-4B0B-D78C-DB17-344AE31A9259}.Release|Any CPU.Build.0 = Release|Any CPU
		{54E83BB3-92AF-40EF-9A8A-FB9BABE1A32C}.Debug|Any CPU.ActiveCfg = Debug|Any CPU
		{54E83BB3-92AF-40EF-9A8A-FB9BABE1A32C}.Debug|Any CPU.Build.0 = Debug|Any CPU
		{54E83BB3-92AF-40EF-9A8A-FB9BABE1A32C}.Release|Any CPU.ActiveCfg = Release|Any CPU
		{54E83BB3-92AF-40EF-9A8A-FB9BABE1A32C}.Release|Any CPU.Build.0 = Release|Any CPU
		{1FB3915B-C434-47E0-9A50-236E9408934A}.Debug|Any CPU.ActiveCfg = Debug|Any CPU
		{1FB3915B-C434-47E0-9A50-236E9408934A}.Debug|Any CPU.Build.0 = Debug|Any CPU
		{1FB3915B-C434-47E0-9A50-236E9408934A}.Release|Any CPU.ActiveCfg = Release|Any CPU
		{1FB3915B-C434-47E0-9A50-236E9408934A}.Release|Any CPU.Build.0 = Release|Any CPU
		{EFB5E763-4021-4CCA-A984-7ABFA8115912}.Debug|Any CPU.ActiveCfg = Debug|Any CPU
		{EFB5E763-4021-4CCA-A984-7ABFA8115912}.Debug|Any CPU.Build.0 = Debug|Any CPU
		{EFB5E763-4021-4CCA-A984-7ABFA8115912}.Debug|Any CPU.Deploy.0 = Debug|Any CPU
		{EFB5E763-4021-4CCA-A984-7ABFA8115912}.Release|Any CPU.ActiveCfg = Release|Any CPU
		{EFB5E763-4021-4CCA-A984-7ABFA8115912}.Release|Any CPU.Build.0 = Release|Any CPU
	EndGlobalSection
	GlobalSection(SolutionProperties) = preSolution
		HideSolutionNode = FALSE
	EndGlobalSection
	GlobalSection(ExtensibilityGlobals) = postSolution
		SolutionGuid = {7775B72C-42B5-40E3-A027-C244559682C9}
	EndGlobalSection
EndGlobal
